
Microsoft Visual Studio Solution File, Format Version 12.00
# Visual Studio Version 17
VisualStudioVersion = 17.0.32014.148
MinimumVisualStudioVersion = 10.0.40219.1
Project("{8BC9CEB8-8B4A-11D0-8D11-00A0C91BC942}") = "List", "mathGiveUp\mathGiveUp.vcxproj", "{2273068A-A193-4D9C-B5B7-1CE913009BCF}"
EndProject
Project("{8BC9CEB8-8B4A-11D0-8D11-00A0C91BC942}") = "List1406", "List1406\List1406.vcxproj", "{BA3B81AF-39BD-452C-BE55-35F0383F1892}"
EndProject
Project("{8BC9CEB8-8B4A-11D0-8D11-00A0C91BC942}") = "List5397", "List5397\List5397.vcxproj", "{E70D5779-9E26-41DD-BB61-C4B25A92D34A}"
EndProject
Project("{8BC9CEB8-8B4A-11D0-8D11-00A0C91BC942}") = "DoubleList", "DoubleList\DoubleList.vcxproj", "{23751187-1A8F-472F-8BB8-D25ED2DC167C}"
EndProject
Project("{8BC9CEB8-8B4A-11D0-8D11-00A0C91BC942}") = "리스트 실습", "리스트 실습\리스트 실습.vcxproj", "{9E904DD4-96DC-42F6-A9E3-863B1CE4F118}"
EndProject
Global
	GlobalSection(SolutionConfigurationPlatforms) = preSolution
		Debug|x64 = Debug|x64
		Debug|x86 = Debug|x86
		Release|x64 = Release|x64
		Release|x86 = Release|x86
	EndGlobalSection
	GlobalSection(ProjectConfigurationPlatforms) = postSolution
		{2273068A-A193-4D9C-B5B7-1CE913009BCF}.Debug|x64.ActiveCfg = Debug|x64
		{2273068A-A193-4D9C-B5B7-1CE913009BCF}.Debug|x64.Build.0 = Debug|x64
		{2273068A-A193-4D9C-B5B7-1CE913009BCF}.Debug|x86.ActiveCfg = Debug|Win32
		{2273068A-A193-4D9C-B5B7-1CE913009BCF}.Debug|x86.Build.0 = Debug|Win32
		{2273068A-A193-4D9C-B5B7-1CE913009BCF}.Release|x64.ActiveCfg = Release|x64
		{2273068A-A193-4D9C-B5B7-1CE913009BCF}.Release|x64.Build.0 = Release|x64
		{2273068A-A193-4D9C-B5B7-1CE913009BCF}.Release|x86.ActiveCfg = Release|Win32
		{2273068A-A193-4D9C-B5B7-1CE913009BCF}.Release|x86.Build.0 = Release|Win32
		{BA3B81AF-39BD-452C-BE55-35F0383F1892}.Debug|x64.ActiveCfg = Debug|x64
		{BA3B81AF-39BD-452C-BE55-35F0383F1892}.Debug|x64.Build.0 = Debug|x64
		{BA3B81AF-39BD-452C-BE55-35F0383F1892}.Debug|x86.ActiveCfg = Debug|Win32
		{BA3B81AF-39BD-452C-BE55-35F0383F1892}.Debug|x86.Build.0 = Debug|Win32
		{BA3B81AF-39BD-452C-BE55-35F0383F1892}.Release|x64.ActiveCfg = Release|x64
		{BA3B81AF-39BD-452C-BE55-35F0383F1892}.Release|x64.Build.0 = Release|x64
		{BA3B81AF-39BD-452C-BE55-35F0383F1892}.Release|x86.ActiveCfg = Release|Win32
		{BA3B81AF-39BD-452C-BE55-35F0383F1892}.Release|x86.Build.0 = Release|Win32
		{E70D5779-9E26-41DD-BB61-C4B25A92D34A}.Debug|x64.ActiveCfg = Debug|x64
		{E70D5779-9E26-41DD-BB61-C4B25A92D34A}.Debug|x64.Build.0 = Debug|x64
		{E70D5779-9E26-41DD-BB61-C4B25A92D34A}.Debug|x86.ActiveCfg = Debug|Win32
		{E70D5779-9E26-41DD-BB61-C4B25A92D34A}.Debug|x86.Build.0 = Debug|Win32
		{E70D5779-9E26-41DD-BB61-C4B25A92D34A}.Release|x64.ActiveCfg = Release|x64
		{E70D5779-9E26-41DD-BB61-C4B25A92D34A}.Release|x64.Build.0 = Release|x64
		{E70D5779-9E26-41DD-BB61-C4B25A92D34A}.Release|x86.ActiveCfg = Release|Win32
		{E70D5779-9E26-41DD-BB61-C4B25A92D34A}.Release|x86.Build.0 = Release|Win32
		{23751187-1A8F-472F-8BB8-D25ED2DC167C}.Debug|x64.ActiveCfg = Debug|x64
		{23751187-1A8F-472F-8BB8-D25ED2DC167C}.Debug|x64.Build.0 = Debug|x64
		{23751187-1A8F-472F-8BB8-D25ED2DC167C}.Debug|x86.ActiveCfg = Debug|Win32
		{23751187-1A8F-472F-8BB8-D25ED2DC167C}.Debug|x86.Build.0 = Debug|Win32
		{23751187-1A8F-472F-8BB8-D25ED2DC167C}.Release|x64.ActiveCfg = Release|x64
		{23751187-1A8F-472F-8BB8-D25ED2DC167C}.Release|x64.Build.0 = Release|x64
		{23751187-1A8F-472F-8BB8-D25ED2DC167C}.Release|x86.ActiveCfg = Release|Win32
		{23751187-1A8F-472F-8BB8-D25ED2DC167C}.Release|x86.Build.0 = Release|Win32
		{9E904DD4-96DC-42F6-A9E3-863B1CE4F118}.Debug|x64.ActiveCfg = Debug|x64
		{9E904DD4-96DC-42F6-A9E3-863B1CE4F118}.Debug|x64.Build.0 = Debug|x64
		{9E904DD4-96DC-42F6-A9E3-863B1CE4F118}.Debug|x86.ActiveCfg = Debug|Win32
		{9E904DD4-96DC-42F6-A9E3-863B1CE4F118}.Debug|x86.Build.0 = Debug|Win32
		{9E904DD4-96DC-42F6-A9E3-863B1CE4F118}.Release|x64.ActiveCfg = Release|x64
		{9E904DD4-96DC-42F6-A9E3-863B1CE4F118}.Release|x64.Build.0 = Release|x64
		{9E904DD4-96DC-42F6-A9E3-863B1CE4F118}.Release|x86.ActiveCfg = Release|Win32
		{9E904DD4-96DC-42F6-A9E3-863B1CE4F118}.Release|x86.Build.0 = Release|Win32
	EndGlobalSection
	GlobalSection(SolutionProperties) = preSolution
		HideSolutionNode = FALSE
	EndGlobalSection
	GlobalSection(ExtensibilityGlobals) = postSolution
		SolutionGuid = {F6FCB7E5-771D-4F55-8D46-A0705C8BE7CB}
	EndGlobalSection
EndGlobal
