
Microsoft Visual Studio Solution File, Format Version 12.00
# Visual Studio Version 17
VisualStudioVersion = 17.1.32328.378
MinimumVisualStudioVersion = 10.0.40219.1
Project("{8BC9CEB8-8B4A-11D0-8D11-00A0C91BC942}") = "ConsoleApplication1", "ConsoleApplication1\ConsoleApplication1.vcxproj", "{F1757F2A-A204-4E4B-BF16-3343EBFBF485}"
EndProject
Project("{8BC9CEB8-8B4A-11D0-8D11-00A0C91BC942}") = "shortRef", "shortRef\shortRef.vcxproj", "{76AD36B5-6A14-4700-8A44-B01C18C5DA6D}"
EndProject
Project("{8BC9CEB8-8B4A-11D0-8D11-00A0C91BC942}") = "shapeChange", "shapeChange\shapeChange.vcxproj", "{863A1800-72B8-4C24-BC49-C7B29E7701CC}"
EndProject
Global
	GlobalSection(SolutionConfigurationPlatforms) = preSolution
		Debug|x64 = Debug|x64
		Debug|x86 = Debug|x86
		Release|x64 = Release|x64
		Release|x86 = Release|x86
	EndGlobalSection
	GlobalSection(ProjectConfigurationPlatforms) = postSolution
		{F1757F2A-A204-4E4B-BF16-3343EBFBF485}.Debug|x64.ActiveCfg = Debug|x64
		{F1757F2A-A204-4E4B-BF16-3343EBFBF485}.Debug|x64.Build.0 = Debug|x64
		{F1757F2A-A204-4E4B-BF16-3343EBFBF485}.Debug|x86.ActiveCfg = Debug|Win32
		{F1757F2A-A204-4E4B-BF16-3343EBFBF485}.Debug|x86.Build.0 = Debug|Win32
		{F1757F2A-A204-4E4B-BF16-3343EBFBF485}.Release|x64.ActiveCfg = Release|x64
		{F1757F2A-A204-4E4B-BF16-3343EBFBF485}.Release|x64.Build.0 = Release|x64
		{F1757F2A-A204-4E4B-BF16-3343EBFBF485}.Release|x86.ActiveCfg = Release|Win32
		{F1757F2A-A204-4E4B-BF16-3343EBFBF485}.Release|x86.Build.0 = Release|Win32
		{76AD36B5-6A14-4700-8A44-B01C18C5DA6D}.Debug|x64.ActiveCfg = Debug|x64
		{76AD36B5-6A14-4700-8A44-B01C18C5DA6D}.Debug|x64.Build.0 = Debug|x64
		{76AD36B5-6A14-4700-8A44-B01C18C5DA6D}.Debug|x86.ActiveCfg = Debug|Win32
		{76AD36B5-6A14-4700-8A44-B01C18C5DA6D}.Debug|x86.Build.0 = Debug|Win32
		{76AD36B5-6A14-4700-8A44-B01C18C5DA6D}.Release|x64.ActiveCfg = Release|x64
		{76AD36B5-6A14-4700-8A44-B01C18C5DA6D}.Release|x64.Build.0 = Release|x64
		{76AD36B5-6A14-4700-8A44-B01C18C5DA6D}.Release|x86.ActiveCfg = Release|Win32
		{76AD36B5-6A14-4700-8A44-B01C18C5DA6D}.Release|x86.Build.0 = Release|Win32
		{863A1800-72B8-4C24-BC49-C7B29E7701CC}.Debug|x64.ActiveCfg = Debug|x64
		{863A1800-72B8-4C24-BC49-C7B29E7701CC}.Debug|x64.Build.0 = Debug|x64
		{863A1800-72B8-4C24-BC49-C7B29E7701CC}.Debug|x86.ActiveCfg = Debug|Win32
		{863A1800-72B8-4C24-BC49-C7B29E7701CC}.Debug|x86.Build.0 = Debug|Win32
		{863A1800-72B8-4C24-BC49-C7B29E7701CC}.Release|x64.ActiveCfg = Release|x64
		{863A1800-72B8-4C24-BC49-C7B29E7701CC}.Release|x64.Build.0 = Release|x64
		{863A1800-72B8-4C24-BC49-C7B29E7701CC}.Release|x86.ActiveCfg = Release|Win32
		{863A1800-72B8-4C24-BC49-C7B29E7701CC}.Release|x86.Build.0 = Release|Win32
	EndGlobalSection
	GlobalSection(SolutionProperties) = preSolution
		HideSolutionNode = FALSE
	EndGlobalSection
	GlobalSection(ExtensibilityGlobals) = postSolution
		SolutionGuid = {1F14F24A-1ED6-412D-86E2-6135A1ED72C3}
	EndGlobalSection
EndGlobal
