
Microsoft Visual Studio Solution File, Format Version 12.00
# Visual Studio Version 17
VisualStudioVersion = 17.0.32014.148
MinimumVisualStudioVersion = 10.0.40219.1
Project("{8BC9CEB8-8B4A-11D0-8D11-00A0C91BC942}") = "20220425", "lecture\lecture.vcxproj", "{5EAEE97C-64C4-42BD-8D7B-D2D255AE9FBC}"
EndProject
Project("{8BC9CEB8-8B4A-11D0-8D11-00A0C91BC942}") = "dice", "20220426\20220426.vcxproj", "{91B72231-0D31-4F12-9EB5-9A0CC205DA5D}"
EndProject
Project("{8BC9CEB8-8B4A-11D0-8D11-00A0C91BC942}") = "oven", "oven\oven.vcxproj", "{BF5F9290-EE62-476B-A5F9-CD415B3CD740}"
EndProject
Project("{8BC9CEB8-8B4A-11D0-8D11-00A0C91BC942}") = "gugudan", "gugudan\gugudan.vcxproj", "{5200351E-7C2B-4D80-BF6C-6DF2B92F2AF2}"
EndProject
Project("{8BC9CEB8-8B4A-11D0-8D11-00A0C91BC942}") = "a+b ban", "a+b ban\a+b ban.vcxproj", "{18587C47-289C-47E1-9B36-8DA66BEED42C}"
EndProject
Project("{8BC9CEB8-8B4A-11D0-8D11-00A0C91BC942}") = "array 10818", "array\array.vcxproj", "{B7711C14-5CBD-4E72-AB76-F0FEBBFA967A}"
EndProject
Project("{8BC9CEB8-8B4A-11D0-8D11-00A0C91BC942}") = "array 2577", "array2\array2.vcxproj", "{CFA835D6-E085-4426-B213-912174D2793D}"
EndProject
Project("{8BC9CEB8-8B4A-11D0-8D11-00A0C91BC942}") = "array 3052", "array3\array3.vcxproj", "{0E4E12DC-8AE9-4FAA-AF6A-2E130CC99702}"
EndProject
Project("{8BC9CEB8-8B4A-11D0-8D11-00A0C91BC942}") = "array 1546", "array 4\array 4.vcxproj", "{49F9F554-8416-4D67-97D3-601715DE3321}"
EndProject
Project("{8BC9CEB8-8B4A-11D0-8D11-00A0C91BC942}") = "array 2562", "array 2562\array 2562.vcxproj", "{113B39FF-B462-4110-99B2-C7506C11481E}"
EndProject
Project("{8BC9CEB8-8B4A-11D0-8D11-00A0C91BC942}") = "array 4344", "array 4344\array 4344.vcxproj", "{65600DBE-9767-44AA-9C2F-604B706DD763}"
EndProject
Project("{8BC9CEB8-8B4A-11D0-8D11-00A0C91BC942}") = "Project1", "Project1\Project1.vcxproj", "{A593C466-9583-403F-885B-E2BAAB7E9083}"
EndProject
Project("{8BC9CEB8-8B4A-11D0-8D11-00A0C91BC942}") = "arrayOX", "arrayOX\arrayOX.vcxproj", "{ACE8F7DF-9D95-41E4-95D6-0EC07B0F9FD8}"
EndProject
Project("{8BC9CEB8-8B4A-11D0-8D11-00A0C91BC942}") = "str 11654", "str 11654\str 11654.vcxproj", "{5CC6D9BB-0DBD-49D8-83B0-A914D583A85F}"
EndProject
Project("{8BC9CEB8-8B4A-11D0-8D11-00A0C91BC942}") = "ConsoleApplication1", "ConsoleApplication1\ConsoleApplication1.vcxproj", "{920421D3-E1D9-4174-9989-E368A5FB9533}"
EndProject
Project("{8BC9CEB8-8B4A-11D0-8D11-00A0C91BC942}") = "2675.c", "Project2\Project2.vcxproj", "{1E0BEFA0-3AEE-463F-95B9-C71A6449E845}"
EndProject
Project("{8BC9CEB8-8B4A-11D0-8D11-00A0C91BC942}") = "1157", "1157\1157.vcxproj", "{8A6B4104-0E20-45AF-A096-73C8051897A0}"
EndProject
Project("{8BC9CEB8-8B4A-11D0-8D11-00A0C91BC942}") = "2908.c", "2908.c\2908.c.vcxproj", "{058B9735-D1AA-4A14-A0EB-5F81D1F99BF4}"
EndProject
Project("{8BC9CEB8-8B4A-11D0-8D11-00A0C91BC942}") = "5622", "5622\5622.vcxproj", "{38DF6544-18D7-4C72-8A30-2F50E94129DC}"
EndProject
Project("{8BC9CEB8-8B4A-11D0-8D11-00A0C91BC942}") = "function1Macro", "string\string.vcxproj", "{5156877E-0262-41AA-B01F-749DB9731C6E}"
EndProject
Project("{8BC9CEB8-8B4A-11D0-8D11-00A0C91BC942}") = "str+function", "str+function\str+function.vcxproj", "{AB666A54-AA7D-4DBF-9B21-17176C32DF28}"
EndProject
Project("{8BC9CEB8-8B4A-11D0-8D11-00A0C91BC942}") = "0502", "0502\0502.vcxproj", "{15AD8661-067E-43CC-ABDC-933E584A4FBA}"
EndProject
Project("{8BC9CEB8-8B4A-11D0-8D11-00A0C91BC942}") = "e_card_game", "ConsoleApplication2\ConsoleApplication2.vcxproj", "{BB13E991-AEE9-4782-9E89-38A3B12CE6C4}"
EndProject
Project("{8BC9CEB8-8B4A-11D0-8D11-00A0C91BC942}") = "point_example", "point_example\point_example.vcxproj", "{A91E61B0-7163-4771-A123-E4BD5EF684C4}"
EndProject
Project("{8BC9CEB8-8B4A-11D0-8D11-00A0C91BC942}") = "pointer_examples2", "pointer_examples2\pointer_examples2.vcxproj", "{D4CC1F9C-7F4F-4210-8E0F-84916A16ED51}"
EndProject
Project("{8BC9CEB8-8B4A-11D0-8D11-00A0C91BC942}") = "assert", "assert\assert.vcxproj", "{11E0FB80-C2B5-470C-827D-7C302AD1573E}"
EndProject
Project("{8BC9CEB8-8B4A-11D0-8D11-00A0C91BC942}") = "function 0506", "function 0506\function 0506.vcxproj", "{B62031D5-F5EE-4E0B-A230-3BD3F0BFD788}"
EndProject
Project("{8BC9CEB8-8B4A-11D0-8D11-00A0C91BC942}") = "Factorial", "Factorial\Factorial.vcxproj", "{6ED847E3-98B9-4D9C-8566-A13824FF80B0}"
EndProject
Project("{8BC9CEB8-8B4A-11D0-8D11-00A0C91BC942}") = "self_function", "ConsoleApplication3\ConsoleApplication3.vcxproj", "{39119849-B72B-4B8C-AC66-3C6B60F20DF4}"
EndProject
Project("{8BC9CEB8-8B4A-11D0-8D11-00A0C91BC942}") = "self_function2", "self_function2\self_function2.vcxproj", "{18547785-BFF1-4DEF-B9FD-83FB568BF22E}"
EndProject
Project("{8BC9CEB8-8B4A-11D0-8D11-00A0C91BC942}") = "self_function3", "self_function3\self_function3.vcxproj", "{5ADF802D-FD8A-48E5-B705-9E4884B48157}"
EndProject
Project("{8BC9CEB8-8B4A-11D0-8D11-00A0C91BC942}") = "self_function_star", "self_function_star\self_function_star.vcxproj", "{BA5AE832-6675-420A-93B0-C35B186598B6}"
EndProject
Project("{8BC9CEB8-8B4A-11D0-8D11-00A0C91BC942}") = "algorithm", "algorithm\algorithm.vcxproj", "{A650D3FA-CB65-439E-8413-EC51F1DA26AB}"
EndProject
Global
	GlobalSection(SolutionConfigurationPlatforms) = preSolution
		Debug|x64 = Debug|x64
		Debug|x86 = Debug|x86
		Release|x64 = Release|x64
		Release|x86 = Release|x86
	EndGlobalSection
	GlobalSection(ProjectConfigurationPlatforms) = postSolution
		{5EAEE97C-64C4-42BD-8D7B-D2D255AE9FBC}.Debug|x64.ActiveCfg = Debug|x64
		{5EAEE97C-64C4-42BD-8D7B-D2D255AE9FBC}.Debug|x64.Build.0 = Debug|x64
		{5EAEE97C-64C4-42BD-8D7B-D2D255AE9FBC}.Debug|x86.ActiveCfg = Debug|Win32
		{5EAEE97C-64C4-42BD-8D7B-D2D255AE9FBC}.Debug|x86.Build.0 = Debug|Win32
		{5EAEE97C-64C4-42BD-8D7B-D2D255AE9FBC}.Release|x64.ActiveCfg = Release|x64
		{5EAEE97C-64C4-42BD-8D7B-D2D255AE9FBC}.Release|x64.Build.0 = Release|x64
		{5EAEE97C-64C4-42BD-8D7B-D2D255AE9FBC}.Release|x86.ActiveCfg = Release|Win32
		{5EAEE97C-64C4-42BD-8D7B-D2D255AE9FBC}.Release|x86.Build.0 = Release|Win32
		{91B72231-0D31-4F12-9EB5-9A0CC205DA5D}.Debug|x64.ActiveCfg = Debug|x64
		{91B72231-0D31-4F12-9EB5-9A0CC205DA5D}.Debug|x64.Build.0 = Debug|x64
		{91B72231-0D31-4F12-9EB5-9A0CC205DA5D}.Debug|x86.ActiveCfg = Debug|Win32
		{91B72231-0D31-4F12-9EB5-9A0CC205DA5D}.Debug|x86.Build.0 = Debug|Win32
		{91B72231-0D31-4F12-9EB5-9A0CC205DA5D}.Release|x64.ActiveCfg = Release|x64
		{91B72231-0D31-4F12-9EB5-9A0CC205DA5D}.Release|x64.Build.0 = Release|x64
		{91B72231-0D31-4F12-9EB5-9A0CC205DA5D}.Release|x86.ActiveCfg = Release|Win32
		{91B72231-0D31-4F12-9EB5-9A0CC205DA5D}.Release|x86.Build.0 = Release|Win32
		{BF5F9290-EE62-476B-A5F9-CD415B3CD740}.Debug|x64.ActiveCfg = Debug|x64
		{BF5F9290-EE62-476B-A5F9-CD415B3CD740}.Debug|x64.Build.0 = Debug|x64
		{BF5F9290-EE62-476B-A5F9-CD415B3CD740}.Debug|x86.ActiveCfg = Debug|Win32
		{BF5F9290-EE62-476B-A5F9-CD415B3CD740}.Debug|x86.Build.0 = Debug|Win32
		{BF5F9290-EE62-476B-A5F9-CD415B3CD740}.Release|x64.ActiveCfg = Release|x64
		{BF5F9290-EE62-476B-A5F9-CD415B3CD740}.Release|x64.Build.0 = Release|x64
		{BF5F9290-EE62-476B-A5F9-CD415B3CD740}.Release|x86.ActiveCfg = Release|Win32
		{BF5F9290-EE62-476B-A5F9-CD415B3CD740}.Release|x86.Build.0 = Release|Win32
		{5200351E-7C2B-4D80-BF6C-6DF2B92F2AF2}.Debug|x64.ActiveCfg = Debug|x64
		{5200351E-7C2B-4D80-BF6C-6DF2B92F2AF2}.Debug|x64.Build.0 = Debug|x64
		{5200351E-7C2B-4D80-BF6C-6DF2B92F2AF2}.Debug|x86.ActiveCfg = Debug|Win32
		{5200351E-7C2B-4D80-BF6C-6DF2B92F2AF2}.Debug|x86.Build.0 = Debug|Win32
		{5200351E-7C2B-4D80-BF6C-6DF2B92F2AF2}.Release|x64.ActiveCfg = Release|x64
		{5200351E-7C2B-4D80-BF6C-6DF2B92F2AF2}.Release|x64.Build.0 = Release|x64
		{5200351E-7C2B-4D80-BF6C-6DF2B92F2AF2}.Release|x86.ActiveCfg = Release|Win32
		{5200351E-7C2B-4D80-BF6C-6DF2B92F2AF2}.Release|x86.Build.0 = Release|Win32
		{18587C47-289C-47E1-9B36-8DA66BEED42C}.Debug|x64.ActiveCfg = Debug|x64
		{18587C47-289C-47E1-9B36-8DA66BEED42C}.Debug|x64.Build.0 = Debug|x64
		{18587C47-289C-47E1-9B36-8DA66BEED42C}.Debug|x86.ActiveCfg = Debug|Win32
		{18587C47-289C-47E1-9B36-8DA66BEED42C}.Debug|x86.Build.0 = Debug|Win32
		{18587C47-289C-47E1-9B36-8DA66BEED42C}.Release|x64.ActiveCfg = Release|x64
		{18587C47-289C-47E1-9B36-8DA66BEED42C}.Release|x64.Build.0 = Release|x64
		{18587C47-289C-47E1-9B36-8DA66BEED42C}.Release|x86.ActiveCfg = Release|Win32
		{18587C47-289C-47E1-9B36-8DA66BEED42C}.Release|x86.Build.0 = Release|Win32
		{B7711C14-5CBD-4E72-AB76-F0FEBBFA967A}.Debug|x64.ActiveCfg = Debug|x64
		{B7711C14-5CBD-4E72-AB76-F0FEBBFA967A}.Debug|x64.Build.0 = Debug|x64
		{B7711C14-5CBD-4E72-AB76-F0FEBBFA967A}.Debug|x86.ActiveCfg = Debug|Win32
		{B7711C14-5CBD-4E72-AB76-F0FEBBFA967A}.Debug|x86.Build.0 = Debug|Win32
		{B7711C14-5CBD-4E72-AB76-F0FEBBFA967A}.Release|x64.ActiveCfg = Release|x64
		{B7711C14-5CBD-4E72-AB76-F0FEBBFA967A}.Release|x64.Build.0 = Release|x64
		{B7711C14-5CBD-4E72-AB76-F0FEBBFA967A}.Release|x86.ActiveCfg = Release|Win32
		{B7711C14-5CBD-4E72-AB76-F0FEBBFA967A}.Release|x86.Build.0 = Release|Win32
		{CFA835D6-E085-4426-B213-912174D2793D}.Debug|x64.ActiveCfg = Debug|x64
		{CFA835D6-E085-4426-B213-912174D2793D}.Debug|x64.Build.0 = Debug|x64
		{CFA835D6-E085-4426-B213-912174D2793D}.Debug|x86.ActiveCfg = Debug|Win32
		{CFA835D6-E085-4426-B213-912174D2793D}.Debug|x86.Build.0 = Debug|Win32
		{CFA835D6-E085-4426-B213-912174D2793D}.Release|x64.ActiveCfg = Release|x64
		{CFA835D6-E085-4426-B213-912174D2793D}.Release|x64.Build.0 = Release|x64
		{CFA835D6-E085-4426-B213-912174D2793D}.Release|x86.ActiveCfg = Release|Win32
		{CFA835D6-E085-4426-B213-912174D2793D}.Release|x86.Build.0 = Release|Win32
		{0E4E12DC-8AE9-4FAA-AF6A-2E130CC99702}.Debug|x64.ActiveCfg = Debug|x64
		{0E4E12DC-8AE9-4FAA-AF6A-2E130CC99702}.Debug|x64.Build.0 = Debug|x64
		{0E4E12DC-8AE9-4FAA-AF6A-2E130CC99702}.Debug|x86.ActiveCfg = Debug|Win32
		{0E4E12DC-8AE9-4FAA-AF6A-2E130CC99702}.Debug|x86.Build.0 = Debug|Win32
		{0E4E12DC-8AE9-4FAA-AF6A-2E130CC99702}.Release|x64.ActiveCfg = Release|x64
		{0E4E12DC-8AE9-4FAA-AF6A-2E130CC99702}.Release|x64.Build.0 = Release|x64
		{0E4E12DC-8AE9-4FAA-AF6A-2E130CC99702}.Release|x86.ActiveCfg = Release|Win32
		{0E4E12DC-8AE9-4FAA-AF6A-2E130CC99702}.Release|x86.Build.0 = Release|Win32
		{49F9F554-8416-4D67-97D3-601715DE3321}.Debug|x64.ActiveCfg = Debug|x64
		{49F9F554-8416-4D67-97D3-601715DE3321}.Debug|x64.Build.0 = Debug|x64
		{49F9F554-8416-4D67-97D3-601715DE3321}.Debug|x86.ActiveCfg = Debug|Win32
		{49F9F554-8416-4D67-97D3-601715DE3321}.Debug|x86.Build.0 = Debug|Win32
		{49F9F554-8416-4D67-97D3-601715DE3321}.Release|x64.ActiveCfg = Release|x64
		{49F9F554-8416-4D67-97D3-601715DE3321}.Release|x64.Build.0 = Release|x64
		{49F9F554-8416-4D67-97D3-601715DE3321}.Release|x86.ActiveCfg = Release|Win32
		{49F9F554-8416-4D67-97D3-601715DE3321}.Release|x86.Build.0 = Release|Win32
		{113B39FF-B462-4110-99B2-C7506C11481E}.Debug|x64.ActiveCfg = Debug|x64
		{113B39FF-B462-4110-99B2-C7506C11481E}.Debug|x64.Build.0 = Debug|x64
		{113B39FF-B462-4110-99B2-C7506C11481E}.Debug|x86.ActiveCfg = Debug|Win32
		{113B39FF-B462-4110-99B2-C7506C11481E}.Debug|x86.Build.0 = Debug|Win32
		{113B39FF-B462-4110-99B2-C7506C11481E}.Release|x64.ActiveCfg = Release|x64
		{113B39FF-B462-4110-99B2-C7506C11481E}.Release|x64.Build.0 = Release|x64
		{113B39FF-B462-4110-99B2-C7506C11481E}.Release|x86.ActiveCfg = Release|Win32
		{113B39FF-B462-4110-99B2-C7506C11481E}.Release|x86.Build.0 = Release|Win32
		{65600DBE-9767-44AA-9C2F-604B706DD763}.Debug|x64.ActiveCfg = Debug|x64
		{65600DBE-9767-44AA-9C2F-604B706DD763}.Debug|x64.Build.0 = Debug|x64
		{65600DBE-9767-44AA-9C2F-604B706DD763}.Debug|x86.ActiveCfg = Debug|Win32
		{65600DBE-9767-44AA-9C2F-604B706DD763}.Debug|x86.Build.0 = Debug|Win32
		{65600DBE-9767-44AA-9C2F-604B706DD763}.Release|x64.ActiveCfg = Release|x64
		{65600DBE-9767-44AA-9C2F-604B706DD763}.Release|x64.Build.0 = Release|x64
		{65600DBE-9767-44AA-9C2F-604B706DD763}.Release|x86.ActiveCfg = Release|Win32
		{65600DBE-9767-44AA-9C2F-604B706DD763}.Release|x86.Build.0 = Release|Win32
		{A593C466-9583-403F-885B-E2BAAB7E9083}.Debug|x64.ActiveCfg = Debug|x64
		{A593C466-9583-403F-885B-E2BAAB7E9083}.Debug|x64.Build.0 = Debug|x64
		{A593C466-9583-403F-885B-E2BAAB7E9083}.Debug|x86.ActiveCfg = Debug|Win32
		{A593C466-9583-403F-885B-E2BAAB7E9083}.Debug|x86.Build.0 = Debug|Win32
		{A593C466-9583-403F-885B-E2BAAB7E9083}.Release|x64.ActiveCfg = Release|x64
		{A593C466-9583-403F-885B-E2BAAB7E9083}.Release|x64.Build.0 = Release|x64
		{A593C466-9583-403F-885B-E2BAAB7E9083}.Release|x86.ActiveCfg = Release|Win32
		{A593C466-9583-403F-885B-E2BAAB7E9083}.Release|x86.Build.0 = Release|Win32
		{ACE8F7DF-9D95-41E4-95D6-0EC07B0F9FD8}.Debug|x64.ActiveCfg = Debug|x64
		{ACE8F7DF-9D95-41E4-95D6-0EC07B0F9FD8}.Debug|x64.Build.0 = Debug|x64
		{ACE8F7DF-9D95-41E4-95D6-0EC07B0F9FD8}.Debug|x86.ActiveCfg = Debug|Win32
		{ACE8F7DF-9D95-41E4-95D6-0EC07B0F9FD8}.Debug|x86.Build.0 = Debug|Win32
		{ACE8F7DF-9D95-41E4-95D6-0EC07B0F9FD8}.Release|x64.ActiveCfg = Release|x64
		{ACE8F7DF-9D95-41E4-95D6-0EC07B0F9FD8}.Release|x64.Build.0 = Release|x64
		{ACE8F7DF-9D95-41E4-95D6-0EC07B0F9FD8}.Release|x86.ActiveCfg = Release|Win32
		{ACE8F7DF-9D95-41E4-95D6-0EC07B0F9FD8}.Release|x86.Build.0 = Release|Win32
		{5CC6D9BB-0DBD-49D8-83B0-A914D583A85F}.Debug|x64.ActiveCfg = Debug|x64
		{5CC6D9BB-0DBD-49D8-83B0-A914D583A85F}.Debug|x64.Build.0 = Debug|x64
		{5CC6D9BB-0DBD-49D8-83B0-A914D583A85F}.Debug|x86.ActiveCfg = Debug|Win32
		{5CC6D9BB-0DBD-49D8-83B0-A914D583A85F}.Debug|x86.Build.0 = Debug|Win32
		{5CC6D9BB-0DBD-49D8-83B0-A914D583A85F}.Release|x64.ActiveCfg = Release|x64
		{5CC6D9BB-0DBD-49D8-83B0-A914D583A85F}.Release|x64.Build.0 = Release|x64
		{5CC6D9BB-0DBD-49D8-83B0-A914D583A85F}.Release|x86.ActiveCfg = Release|Win32
		{5CC6D9BB-0DBD-49D8-83B0-A914D583A85F}.Release|x86.Build.0 = Release|Win32
		{920421D3-E1D9-4174-9989-E368A5FB9533}.Debug|x64.ActiveCfg = Debug|x64
		{920421D3-E1D9-4174-9989-E368A5FB9533}.Debug|x64.Build.0 = Debug|x64
		{920421D3-E1D9-4174-9989-E368A5FB9533}.Debug|x86.ActiveCfg = Debug|Win32
		{920421D3-E1D9-4174-9989-E368A5FB9533}.Debug|x86.Build.0 = Debug|Win32
		{920421D3-E1D9-4174-9989-E368A5FB9533}.Release|x64.ActiveCfg = Release|x64
		{920421D3-E1D9-4174-9989-E368A5FB9533}.Release|x64.Build.0 = Release|x64
		{920421D3-E1D9-4174-9989-E368A5FB9533}.Release|x86.ActiveCfg = Release|Win32
		{920421D3-E1D9-4174-9989-E368A5FB9533}.Release|x86.Build.0 = Release|Win32
		{1E0BEFA0-3AEE-463F-95B9-C71A6449E845}.Debug|x64.ActiveCfg = Debug|x64
		{1E0BEFA0-3AEE-463F-95B9-C71A6449E845}.Debug|x64.Build.0 = Debug|x64
		{1E0BEFA0-3AEE-463F-95B9-C71A6449E845}.Debug|x86.ActiveCfg = Debug|Win32
		{1E0BEFA0-3AEE-463F-95B9-C71A6449E845}.Debug|x86.Build.0 = Debug|Win32
		{1E0BEFA0-3AEE-463F-95B9-C71A6449E845}.Release|x64.ActiveCfg = Release|x64
		{1E0BEFA0-3AEE-463F-95B9-C71A6449E845}.Release|x64.Build.0 = Release|x64
		{1E0BEFA0-3AEE-463F-95B9-C71A6449E845}.Release|x86.ActiveCfg = Release|Win32
		{1E0BEFA0-3AEE-463F-95B9-C71A6449E845}.Release|x86.Build.0 = Release|Win32
		{8A6B4104-0E20-45AF-A096-73C8051897A0}.Debug|x64.ActiveCfg = Debug|x64
		{8A6B4104-0E20-45AF-A096-73C8051897A0}.Debug|x64.Build.0 = Debug|x64
		{8A6B4104-0E20-45AF-A096-73C8051897A0}.Debug|x86.ActiveCfg = Debug|Win32
		{8A6B4104-0E20-45AF-A096-73C8051897A0}.Debug|x86.Build.0 = Debug|Win32
		{8A6B4104-0E20-45AF-A096-73C8051897A0}.Release|x64.ActiveCfg = Release|x64
		{8A6B4104-0E20-45AF-A096-73C8051897A0}.Release|x64.Build.0 = Release|x64
		{8A6B4104-0E20-45AF-A096-73C8051897A0}.Release|x86.ActiveCfg = Release|Win32
		{8A6B4104-0E20-45AF-A096-73C8051897A0}.Release|x86.Build.0 = Release|Win32
		{058B9735-D1AA-4A14-A0EB-5F81D1F99BF4}.Debug|x64.ActiveCfg = Debug|x64
		{058B9735-D1AA-4A14-A0EB-5F81D1F99BF4}.Debug|x64.Build.0 = Debug|x64
		{058B9735-D1AA-4A14-A0EB-5F81D1F99BF4}.Debug|x86.ActiveCfg = Debug|Win32
		{058B9735-D1AA-4A14-A0EB-5F81D1F99BF4}.Debug|x86.Build.0 = Debug|Win32
		{058B9735-D1AA-4A14-A0EB-5F81D1F99BF4}.Release|x64.ActiveCfg = Release|x64
		{058B9735-D1AA-4A14-A0EB-5F81D1F99BF4}.Release|x64.Build.0 = Release|x64
		{058B9735-D1AA-4A14-A0EB-5F81D1F99BF4}.Release|x86.ActiveCfg = Release|Win32
		{058B9735-D1AA-4A14-A0EB-5F81D1F99BF4}.Release|x86.Build.0 = Release|Win32
		{38DF6544-18D7-4C72-8A30-2F50E94129DC}.Debug|x64.ActiveCfg = Debug|x64
		{38DF6544-18D7-4C72-8A30-2F50E94129DC}.Debug|x64.Build.0 = Debug|x64
		{38DF6544-18D7-4C72-8A30-2F50E94129DC}.Debug|x86.ActiveCfg = Debug|Win32
		{38DF6544-18D7-4C72-8A30-2F50E94129DC}.Debug|x86.Build.0 = Debug|Win32
		{38DF6544-18D7-4C72-8A30-2F50E94129DC}.Release|x64.ActiveCfg = Release|x64
		{38DF6544-18D7-4C72-8A30-2F50E94129DC}.Release|x64.Build.0 = Release|x64
		{38DF6544-18D7-4C72-8A30-2F50E94129DC}.Release|x86.ActiveCfg = Release|Win32
		{38DF6544-18D7-4C72-8A30-2F50E94129DC}.Release|x86.Build.0 = Release|Win32
		{5156877E-0262-41AA-B01F-749DB9731C6E}.Debug|x64.ActiveCfg = Debug|x64
		{5156877E-0262-41AA-B01F-749DB9731C6E}.Debug|x64.Build.0 = Debug|x64
		{5156877E-0262-41AA-B01F-749DB9731C6E}.Debug|x86.ActiveCfg = Debug|Win32
		{5156877E-0262-41AA-B01F-749DB9731C6E}.Debug|x86.Build.0 = Debug|Win32
		{5156877E-0262-41AA-B01F-749DB9731C6E}.Release|x64.ActiveCfg = Release|x64
		{5156877E-0262-41AA-B01F-749DB9731C6E}.Release|x64.Build.0 = Release|x64
		{5156877E-0262-41AA-B01F-749DB9731C6E}.Release|x86.ActiveCfg = Release|Win32
		{5156877E-0262-41AA-B01F-749DB9731C6E}.Release|x86.Build.0 = Release|Win32
		{AB666A54-AA7D-4DBF-9B21-17176C32DF28}.Debug|x64.ActiveCfg = Debug|x64
		{AB666A54-AA7D-4DBF-9B21-17176C32DF28}.Debug|x64.Build.0 = Debug|x64
		{AB666A54-AA7D-4DBF-9B21-17176C32DF28}.Debug|x86.ActiveCfg = Debug|Win32
		{AB666A54-AA7D-4DBF-9B21-17176C32DF28}.Debug|x86.Build.0 = Debug|Win32
		{AB666A54-AA7D-4DBF-9B21-17176C32DF28}.Release|x64.ActiveCfg = Release|x64
		{AB666A54-AA7D-4DBF-9B21-17176C32DF28}.Release|x64.Build.0 = Release|x64
		{AB666A54-AA7D-4DBF-9B21-17176C32DF28}.Release|x86.ActiveCfg = Release|Win32
		{AB666A54-AA7D-4DBF-9B21-17176C32DF28}.Release|x86.Build.0 = Release|Win32
		{15AD8661-067E-43CC-ABDC-933E584A4FBA}.Debug|x64.ActiveCfg = Debug|x64
		{15AD8661-067E-43CC-ABDC-933E584A4FBA}.Debug|x64.Build.0 = Debug|x64
		{15AD8661-067E-43CC-ABDC-933E584A4FBA}.Debug|x86.ActiveCfg = Debug|Win32
		{15AD8661-067E-43CC-ABDC-933E584A4FBA}.Debug|x86.Build.0 = Debug|Win32
		{15AD8661-067E-43CC-ABDC-933E584A4FBA}.Release|x64.ActiveCfg = Release|x64
		{15AD8661-067E-43CC-ABDC-933E584A4FBA}.Release|x64.Build.0 = Release|x64
		{15AD8661-067E-43CC-ABDC-933E584A4FBA}.Release|x86.ActiveCfg = Release|Win32
		{15AD8661-067E-43CC-ABDC-933E584A4FBA}.Release|x86.Build.0 = Release|Win32
		{BB13E991-AEE9-4782-9E89-38A3B12CE6C4}.Debug|x64.ActiveCfg = Debug|x64
		{BB13E991-AEE9-4782-9E89-38A3B12CE6C4}.Debug|x64.Build.0 = Debug|x64
		{BB13E991-AEE9-4782-9E89-38A3B12CE6C4}.Debug|x86.ActiveCfg = Debug|Win32
		{BB13E991-AEE9-4782-9E89-38A3B12CE6C4}.Debug|x86.Build.0 = Debug|Win32
		{BB13E991-AEE9-4782-9E89-38A3B12CE6C4}.Release|x64.ActiveCfg = Release|x64
		{BB13E991-AEE9-4782-9E89-38A3B12CE6C4}.Release|x64.Build.0 = Release|x64
		{BB13E991-AEE9-4782-9E89-38A3B12CE6C4}.Release|x86.ActiveCfg = Release|Win32
		{BB13E991-AEE9-4782-9E89-38A3B12CE6C4}.Release|x86.Build.0 = Release|Win32
		{A91E61B0-7163-4771-A123-E4BD5EF684C4}.Debug|x64.ActiveCfg = Debug|x64
		{A91E61B0-7163-4771-A123-E4BD5EF684C4}.Debug|x64.Build.0 = Debug|x64
		{A91E61B0-7163-4771-A123-E4BD5EF684C4}.Debug|x86.ActiveCfg = Debug|Win32
		{A91E61B0-7163-4771-A123-E4BD5EF684C4}.Debug|x86.Build.0 = Debug|Win32
		{A91E61B0-7163-4771-A123-E4BD5EF684C4}.Release|x64.ActiveCfg = Release|x64
		{A91E61B0-7163-4771-A123-E4BD5EF684C4}.Release|x64.Build.0 = Release|x64
		{A91E61B0-7163-4771-A123-E4BD5EF684C4}.Release|x86.ActiveCfg = Release|Win32
		{A91E61B0-7163-4771-A123-E4BD5EF684C4}.Release|x86.Build.0 = Release|Win32
		{D4CC1F9C-7F4F-4210-8E0F-84916A16ED51}.Debug|x64.ActiveCfg = Debug|x64
		{D4CC1F9C-7F4F-4210-8E0F-84916A16ED51}.Debug|x64.Build.0 = Debug|x64
		{D4CC1F9C-7F4F-4210-8E0F-84916A16ED51}.Debug|x86.ActiveCfg = Debug|Win32
		{D4CC1F9C-7F4F-4210-8E0F-84916A16ED51}.Debug|x86.Build.0 = Debug|Win32
		{D4CC1F9C-7F4F-4210-8E0F-84916A16ED51}.Release|x64.ActiveCfg = Release|x64
		{D4CC1F9C-7F4F-4210-8E0F-84916A16ED51}.Release|x64.Build.0 = Release|x64
		{D4CC1F9C-7F4F-4210-8E0F-84916A16ED51}.Release|x86.ActiveCfg = Release|Win32
		{D4CC1F9C-7F4F-4210-8E0F-84916A16ED51}.Release|x86.Build.0 = Release|Win32
		{11E0FB80-C2B5-470C-827D-7C302AD1573E}.Debug|x64.ActiveCfg = Debug|x64
		{11E0FB80-C2B5-470C-827D-7C302AD1573E}.Debug|x64.Build.0 = Debug|x64
		{11E0FB80-C2B5-470C-827D-7C302AD1573E}.Debug|x86.ActiveCfg = Debug|Win32
		{11E0FB80-C2B5-470C-827D-7C302AD1573E}.Debug|x86.Build.0 = Debug|Win32
		{11E0FB80-C2B5-470C-827D-7C302AD1573E}.Release|x64.ActiveCfg = Release|x64
		{11E0FB80-C2B5-470C-827D-7C302AD1573E}.Release|x64.Build.0 = Release|x64
		{11E0FB80-C2B5-470C-827D-7C302AD1573E}.Release|x86.ActiveCfg = Release|Win32
		{11E0FB80-C2B5-470C-827D-7C302AD1573E}.Release|x86.Build.0 = Release|Win32
		{B62031D5-F5EE-4E0B-A230-3BD3F0BFD788}.Debug|x64.ActiveCfg = Debug|x64
		{B62031D5-F5EE-4E0B-A230-3BD3F0BFD788}.Debug|x64.Build.0 = Debug|x64
		{B62031D5-F5EE-4E0B-A230-3BD3F0BFD788}.Debug|x86.ActiveCfg = Debug|Win32
		{B62031D5-F5EE-4E0B-A230-3BD3F0BFD788}.Debug|x86.Build.0 = Debug|Win32
		{B62031D5-F5EE-4E0B-A230-3BD3F0BFD788}.Release|x64.ActiveCfg = Release|x64
		{B62031D5-F5EE-4E0B-A230-3BD3F0BFD788}.Release|x64.Build.0 = Release|x64
		{B62031D5-F5EE-4E0B-A230-3BD3F0BFD788}.Release|x86.ActiveCfg = Release|Win32
		{B62031D5-F5EE-4E0B-A230-3BD3F0BFD788}.Release|x86.Build.0 = Release|Win32
		{6ED847E3-98B9-4D9C-8566-A13824FF80B0}.Debug|x64.ActiveCfg = Debug|x64
		{6ED847E3-98B9-4D9C-8566-A13824FF80B0}.Debug|x64.Build.0 = Debug|x64
		{6ED847E3-98B9-4D9C-8566-A13824FF80B0}.Debug|x86.ActiveCfg = Debug|Win32
		{6ED847E3-98B9-4D9C-8566-A13824FF80B0}.Debug|x86.Build.0 = Debug|Win32
		{6ED847E3-98B9-4D9C-8566-A13824FF80B0}.Release|x64.ActiveCfg = Release|x64
		{6ED847E3-98B9-4D9C-8566-A13824FF80B0}.Release|x64.Build.0 = Release|x64
		{6ED847E3-98B9-4D9C-8566-A13824FF80B0}.Release|x86.ActiveCfg = Release|Win32
		{6ED847E3-98B9-4D9C-8566-A13824FF80B0}.Release|x86.Build.0 = Release|Win32
		{39119849-B72B-4B8C-AC66-3C6B60F20DF4}.Debug|x64.ActiveCfg = Debug|x64
		{39119849-B72B-4B8C-AC66-3C6B60F20DF4}.Debug|x64.Build.0 = Debug|x64
		{39119849-B72B-4B8C-AC66-3C6B60F20DF4}.Debug|x86.ActiveCfg = Debug|Win32
		{39119849-B72B-4B8C-AC66-3C6B60F20DF4}.Debug|x86.Build.0 = Debug|Win32
		{39119849-B72B-4B8C-AC66-3C6B60F20DF4}.Release|x64.ActiveCfg = Release|x64
		{39119849-B72B-4B8C-AC66-3C6B60F20DF4}.Release|x64.Build.0 = Release|x64
		{39119849-B72B-4B8C-AC66-3C6B60F20DF4}.Release|x86.ActiveCfg = Release|Win32
		{39119849-B72B-4B8C-AC66-3C6B60F20DF4}.Release|x86.Build.0 = Release|Win32
		{18547785-BFF1-4DEF-B9FD-83FB568BF22E}.Debug|x64.ActiveCfg = Debug|x64
		{18547785-BFF1-4DEF-B9FD-83FB568BF22E}.Debug|x64.Build.0 = Debug|x64
		{18547785-BFF1-4DEF-B9FD-83FB568BF22E}.Debug|x86.ActiveCfg = Debug|Win32
		{18547785-BFF1-4DEF-B9FD-83FB568BF22E}.Debug|x86.Build.0 = Debug|Win32
		{18547785-BFF1-4DEF-B9FD-83FB568BF22E}.Release|x64.ActiveCfg = Release|x64
		{18547785-BFF1-4DEF-B9FD-83FB568BF22E}.Release|x64.Build.0 = Release|x64
		{18547785-BFF1-4DEF-B9FD-83FB568BF22E}.Release|x86.ActiveCfg = Release|Win32
		{18547785-BFF1-4DEF-B9FD-83FB568BF22E}.Release|x86.Build.0 = Release|Win32
		{5ADF802D-FD8A-48E5-B705-9E4884B48157}.Debug|x64.ActiveCfg = Debug|x64
		{5ADF802D-FD8A-48E5-B705-9E4884B48157}.Debug|x64.Build.0 = Debug|x64
		{5ADF802D-FD8A-48E5-B705-9E4884B48157}.Debug|x86.ActiveCfg = Debug|Win32
		{5ADF802D-FD8A-48E5-B705-9E4884B48157}.Debug|x86.Build.0 = Debug|Win32
		{5ADF802D-FD8A-48E5-B705-9E4884B48157}.Release|x64.ActiveCfg = Release|x64
		{5ADF802D-FD8A-48E5-B705-9E4884B48157}.Release|x64.Build.0 = Release|x64
		{5ADF802D-FD8A-48E5-B705-9E4884B48157}.Release|x86.ActiveCfg = Release|Win32
		{5ADF802D-FD8A-48E5-B705-9E4884B48157}.Release|x86.Build.0 = Release|Win32
		{BA5AE832-6675-420A-93B0-C35B186598B6}.Debug|x64.ActiveCfg = Debug|x64
		{BA5AE832-6675-420A-93B0-C35B186598B6}.Debug|x64.Build.0 = Debug|x64
		{BA5AE832-6675-420A-93B0-C35B186598B6}.Debug|x86.ActiveCfg = Debug|Win32
		{BA5AE832-6675-420A-93B0-C35B186598B6}.Debug|x86.Build.0 = Debug|Win32
		{BA5AE832-6675-420A-93B0-C35B186598B6}.Release|x64.ActiveCfg = Release|x64
		{BA5AE832-6675-420A-93B0-C35B186598B6}.Release|x64.Build.0 = Release|x64
		{BA5AE832-6675-420A-93B0-C35B186598B6}.Release|x86.ActiveCfg = Release|Win32
		{BA5AE832-6675-420A-93B0-C35B186598B6}.Release|x86.Build.0 = Release|Win32
		{A650D3FA-CB65-439E-8413-EC51F1DA26AB}.Debug|x64.ActiveCfg = Debug|x64
		{A650D3FA-CB65-439E-8413-EC51F1DA26AB}.Debug|x64.Build.0 = Debug|x64
		{A650D3FA-CB65-439E-8413-EC51F1DA26AB}.Debug|x86.ActiveCfg = Debug|Win32
		{A650D3FA-CB65-439E-8413-EC51F1DA26AB}.Debug|x86.Build.0 = Debug|Win32
		{A650D3FA-CB65-439E-8413-EC51F1DA26AB}.Release|x64.ActiveCfg = Release|x64
		{A650D3FA-CB65-439E-8413-EC51F1DA26AB}.Release|x64.Build.0 = Release|x64
		{A650D3FA-CB65-439E-8413-EC51F1DA26AB}.Release|x86.ActiveCfg = Release|Win32
		{A650D3FA-CB65-439E-8413-EC51F1DA26AB}.Release|x86.Build.0 = Release|Win32
	EndGlobalSection
	GlobalSection(SolutionProperties) = preSolution
		HideSolutionNode = FALSE
	EndGlobalSection
	GlobalSection(ExtensibilityGlobals) = postSolution
		SolutionGuid = {05836559-22D0-4EF2-B676-1BD119BDACAE}
	EndGlobalSection
EndGlobal
