<?xml version="1.0" encoding="utf-8"?>
<Project ToolsVersion="4.0" xmlns="http://schemas.microsoft.com/developer/msbuild/2003">
  <ItemGroup>
    <Filter Include="Source Files">
      <UniqueIdentifier>{4FC737F1-C7A5-4376-A066-2A32D752A2FF}</UniqueIdentifier>
      <Extensions>cpp;c;cc;cxx;c++;cppm;ixx;def;odl;idl;hpj;bat;asm;asmx</Extensions>
    </Filter>
    <Filter Include="Header Files">
      <UniqueIdentifier>{93995380-89BD-4b04-88EB-625FBE52EBFB}</UniqueIdentifier>
      <Extensions>h;hh;hpp;hxx;h++;hm;inl;inc;ipp;xsd</Extensions>
    </Filter>
    <Filter Include="Resource Files">
      <UniqueIdentifier>{67DA6AB6-F800-4c08-8B7A-83BB121AAD01}</UniqueIdentifier>
      <Extensions>rc;ico;cur;bmp;dlg;rc2;rct;bin;rgs;gif;jpg;jpeg;jpe;resx;tiff;tif;png;wav;mfcribbon-ms</Extensions>
    </Filter>
    <Filter Include="NewFilter1">
      <UniqueIdentifier>{a7648431-1086-4b6d-a782-71596e8fb67b}</UniqueIdentifier>
    </Filter>
    <Filter Include="Source Files\입출력과 사칙연산">
      <UniqueIdentifier>{aa141717-b2d6-4160-aa08-533bda4a4a62}</UniqueIdentifier>
    </Filter>
    <Filter Include="Source Files\1차원 배열">
      <UniqueIdentifier>{d5690f64-313a-4854-9d2f-59fb1acee3bd}</UniqueIdentifier>
    </Filter>
    <Filter Include="Source Files\함수">
      <UniqueIdentifier>{c93ec15a-be0e-4eda-9336-d19fc11eb448}</UniqueIdentifier>
    </Filter>
    <Filter Include="Source Files\문자열">
      <UniqueIdentifier>{248c7edd-54f8-497c-8a17-0aea63ec777b}</UniqueIdentifier>
    </Filter>
    <Filter Include="Source Files\브루트포스">
      <UniqueIdentifier>{f4b38a85-765b-4ea8-a8f0-06b3655c8eba}</UniqueIdentifier>
    </Filter>
    <Filter Include="Source Files\스택">
      <UniqueIdentifier>{921857bb-893c-43e7-bcc5-90b0822d8ab1}</UniqueIdentifier>
    </Filter>
    <Filter Include="Source Files\큐">
      <UniqueIdentifier>{bb105b86-b961-4b25-922c-b8faebe53311}</UniqueIdentifier>
    </Filter>
  </ItemGroup>
  <ItemGroup>
    <ClCompile Include="1978.cpp">
      <Filter>Source Files</Filter>
    </ClCompile>
    <ClCompile Include="15633.cpp">
      <Filter>Source Files</Filter>
    </ClCompile>
    <ClCompile Include="2581.cpp">
      <Filter>Source Files</Filter>
    </ClCompile>
    <ClCompile Include="10172_개.cpp">
      <Filter>Source Files\입출력과 사칙연산</Filter>
    </ClCompile>
    <ClCompile Include="10998_AxB.cpp">
      <Filter>Source Files\입출력과 사칙연산</Filter>
    </ClCompile>
    <ClCompile Include="25083_새싹.cpp">
      <Filter>Source Files\입출력과 사칙연산</Filter>
    </ClCompile>
    <ClCompile Include="2562_최댓값.cpp">
      <Filter>Source Files\1차원 배열</Filter>
    </ClCompile>
    <ClCompile Include="1546_평균.cpp">
      <Filter>Source Files\1차원 배열</Filter>
    </ClCompile>
    <ClCompile Include="4673_셀프 넘버.cpp">
      <Filter>Source Files\함수</Filter>
    </ClCompile>
    <ClCompile Include="1065_한수.cpp">
      <Filter>Source Files\함수</Filter>
    </ClCompile>
    <ClCompile Include="10809_알파벳 찾기.cpp">
      <Filter>Source Files\문자열</Filter>
    </ClCompile>
    <ClCompile Include="1157_단어공부.cpp">
      <Filter>Source Files\문자열</Filter>
    </ClCompile>
    <ClCompile Include="1157_단어공부_stack.cpp">
      <Filter>Source Files\문자열</Filter>
    </ClCompile>
    <ClCompile Include="7568_덩치.cpp">
      <Filter>Source Files\브루트포스</Filter>
    </ClCompile>
    <ClCompile Include="1018_체스판.cpp">
      <Filter>Source Files\브루트포스</Filter>
    </ClCompile>
    <ClCompile Include="10828_스택.cpp">
      <Filter>Source Files\스택</Filter>
    </ClCompile>
    <ClCompile Include="10773_제로.cpp">
      <Filter>Source Files\스택</Filter>
    </ClCompile>
    <ClCompile Include="9012_괄호.cpp">
      <Filter>Source Files\스택</Filter>
    </ClCompile>
    <ClCompile Include="4949_균형잡힌 세상.cpp">
      <Filter>Source Files\스택</Filter>
    </ClCompile>
    <ClCompile Include="17928_오큰수.cpp">
      <Filter>Source Files\스택</Filter>
    </ClCompile>
    <ClCompile Include="18258_큐2.cpp">
      <Filter>Source Files\큐</Filter>
    </ClCompile>
    <ClCompile Include="2164_카드2.cpp">
      <Filter>Source Files\큐</Filter>
    </ClCompile>
    <ClCompile Include="11866_요세푸스 문제0.cpp">
      <Filter>Source Files\큐</Filter>
    </ClCompile>
    <ClCompile Include="1436_영화감독 숌.cpp">
      <Filter>Source Files\브루트포스</Filter>
    </ClCompile>
  </ItemGroup>
</Project>