
Microsoft Visual Studio Solution File, Format Version 12.00
# Visual Studio Version 17
VisualStudioVersion = 17.0.32112.339
MinimumVisualStudioVersion = 10.0.40219.1
Project("{8BC9CEB8-8B4A-11D0-8D11-00A0C91BC942}") = "Vector", "Vector\Vector.vcxproj", "{B2167924-4DBD-4758-8D5C-C058C531D0D1}"
EndProject
Project("{8BC9CEB8-8B4A-11D0-8D11-00A0C91BC942}") = "Forword_List", "Forword_List\Forword_List.vcxproj", "{5A7CA495-A2FF-482D-8875-59129D6B758A}"
EndProject
Project("{8BC9CEB8-8B4A-11D0-8D11-00A0C91BC942}") = "List", "List\List.vcxproj", "{6873E14C-A36F-413E-8D4E-07594DB96B6B}"
EndProject
Project("{8BC9CEB8-8B4A-11D0-8D11-00A0C91BC942}") = "Stack", "Stack\Stack.vcxproj", "{9E41B5DA-70CD-4502-A174-A5F78E9D7C26}"
EndProject
Project("{8BC9CEB8-8B4A-11D0-8D11-00A0C91BC942}") = "Queue", "Queue\Queue.vcxproj", "{EF884454-3735-4058-BF4E-4721B2A149BA}"
EndProject
Project("{8BC9CEB8-8B4A-11D0-8D11-00A0C91BC942}") = "Graph", "Graph\Graph.vcxproj", "{7ADE1392-F3D4-49E8-94FD-5A3DAA16487E}"
EndProject
Project("{8BC9CEB8-8B4A-11D0-8D11-00A0C91BC942}") = "Tree", "Tree\Tree.vcxproj", "{639E6D1C-FADF-4CDD-A00E-21B1323AF6E1}"
EndProject
Global
	GlobalSection(SolutionConfigurationPlatforms) = preSolution
		Debug|x64 = Debug|x64
		Debug|x86 = Debug|x86
		Release|x64 = Release|x64
		Release|x86 = Release|x86
	EndGlobalSection
	GlobalSection(ProjectConfigurationPlatforms) = postSolution
		{B2167924-4DBD-4758-8D5C-C058C531D0D1}.Debug|x64.ActiveCfg = Debug|x64
		{B2167924-4DBD-4758-8D5C-C058C531D0D1}.Debug|x64.Build.0 = Debug|x64
		{B2167924-4DBD-4758-8D5C-C058C531D0D1}.Debug|x86.ActiveCfg = Debug|Win32
		{B2167924-4DBD-4758-8D5C-C058C531D0D1}.Debug|x86.Build.0 = Debug|Win32
		{B2167924-4DBD-4758-8D5C-C058C531D0D1}.Release|x64.ActiveCfg = Release|x64
		{B2167924-4DBD-4758-8D5C-C058C531D0D1}.Release|x64.Build.0 = Release|x64
		{B2167924-4DBD-4758-8D5C-C058C531D0D1}.Release|x86.ActiveCfg = Release|Win32
		{B2167924-4DBD-4758-8D5C-C058C531D0D1}.Release|x86.Build.0 = Release|Win32
		{5A7CA495-A2FF-482D-8875-59129D6B758A}.Debug|x64.ActiveCfg = Debug|x64
		{5A7CA495-A2FF-482D-8875-59129D6B758A}.Debug|x64.Build.0 = Debug|x64
		{5A7CA495-A2FF-482D-8875-59129D6B758A}.Debug|x86.ActiveCfg = Debug|Win32
		{5A7CA495-A2FF-482D-8875-59129D6B758A}.Debug|x86.Build.0 = Debug|Win32
		{5A7CA495-A2FF-482D-8875-59129D6B758A}.Release|x64.ActiveCfg = Release|x64
		{5A7CA495-A2FF-482D-8875-59129D6B758A}.Release|x64.Build.0 = Release|x64
		{5A7CA495-A2FF-482D-8875-59129D6B758A}.Release|x86.ActiveCfg = Release|Win32
		{5A7CA495-A2FF-482D-8875-59129D6B758A}.Release|x86.Build.0 = Release|Win32
		{6873E14C-A36F-413E-8D4E-07594DB96B6B}.Debug|x64.ActiveCfg = Debug|x64
		{6873E14C-A36F-413E-8D4E-07594DB96B6B}.Debug|x64.Build.0 = Debug|x64
		{6873E14C-A36F-413E-8D4E-07594DB96B6B}.Debug|x86.ActiveCfg = Debug|Win32
		{6873E14C-A36F-413E-8D4E-07594DB96B6B}.Debug|x86.Build.0 = Debug|Win32
		{6873E14C-A36F-413E-8D4E-07594DB96B6B}.Release|x64.ActiveCfg = Release|x64
		{6873E14C-A36F-413E-8D4E-07594DB96B6B}.Release|x64.Build.0 = Release|x64
		{6873E14C-A36F-413E-8D4E-07594DB96B6B}.Release|x86.ActiveCfg = Release|Win32
		{6873E14C-A36F-413E-8D4E-07594DB96B6B}.Release|x86.Build.0 = Release|Win32
		{9E41B5DA-70CD-4502-A174-A5F78E9D7C26}.Debug|x64.ActiveCfg = Debug|x64
		{9E41B5DA-70CD-4502-A174-A5F78E9D7C26}.Debug|x64.Build.0 = Debug|x64
		{9E41B5DA-70CD-4502-A174-A5F78E9D7C26}.Debug|x86.ActiveCfg = Debug|Win32
		{9E41B5DA-70CD-4502-A174-A5F78E9D7C26}.Debug|x86.Build.0 = Debug|Win32
		{9E41B5DA-70CD-4502-A174-A5F78E9D7C26}.Release|x64.ActiveCfg = Release|x64
		{9E41B5DA-70CD-4502-A174-A5F78E9D7C26}.Release|x64.Build.0 = Release|x64
		{9E41B5DA-70CD-4502-A174-A5F78E9D7C26}.Release|x86.ActiveCfg = Release|Win32
		{9E41B5DA-70CD-4502-A174-A5F78E9D7C26}.Release|x86.Build.0 = Release|Win32
		{EF884454-3735-4058-BF4E-4721B2A149BA}.Debug|x64.ActiveCfg = Debug|x64
		{EF884454-3735-4058-BF4E-4721B2A149BA}.Debug|x64.Build.0 = Debug|x64
		{EF884454-3735-4058-BF4E-4721B2A149BA}.Debug|x86.ActiveCfg = Debug|Win32
		{EF884454-3735-4058-BF4E-4721B2A149BA}.Debug|x86.Build.0 = Debug|Win32
		{EF884454-3735-4058-BF4E-4721B2A149BA}.Release|x64.ActiveCfg = Release|x64
		{EF884454-3735-4058-BF4E-4721B2A149BA}.Release|x64.Build.0 = Release|x64
		{EF884454-3735-4058-BF4E-4721B2A149BA}.Release|x86.ActiveCfg = Release|Win32
		{EF884454-3735-4058-BF4E-4721B2A149BA}.Release|x86.Build.0 = Release|Win32
		{7ADE1392-F3D4-49E8-94FD-5A3DAA16487E}.Debug|x64.ActiveCfg = Debug|x64
		{7ADE1392-F3D4-49E8-94FD-5A3DAA16487E}.Debug|x64.Build.0 = Debug|x64
		{7ADE1392-F3D4-49E8-94FD-5A3DAA16487E}.Debug|x86.ActiveCfg = Debug|Win32
		{7ADE1392-F3D4-49E8-94FD-5A3DAA16487E}.Debug|x86.Build.0 = Debug|Win32
		{7ADE1392-F3D4-49E8-94FD-5A3DAA16487E}.Release|x64.ActiveCfg = Release|x64
		{7ADE1392-F3D4-49E8-94FD-5A3DAA16487E}.Release|x64.Build.0 = Release|x64
		{7ADE1392-F3D4-49E8-94FD-5A3DAA16487E}.Release|x86.ActiveCfg = Release|Win32
		{7ADE1392-F3D4-49E8-94FD-5A3DAA16487E}.Release|x86.Build.0 = Release|Win32
		{639E6D1C-FADF-4CDD-A00E-21B1323AF6E1}.Debug|x64.ActiveCfg = Debug|x64
		{639E6D1C-FADF-4CDD-A00E-21B1323AF6E1}.Debug|x64.Build.0 = Debug|x64
		{639E6D1C-FADF-4CDD-A00E-21B1323AF6E1}.Debug|x86.ActiveCfg = Debug|Win32
		{639E6D1C-FADF-4CDD-A00E-21B1323AF6E1}.Debug|x86.Build.0 = Debug|Win32
		{639E6D1C-FADF-4CDD-A00E-21B1323AF6E1}.Release|x64.ActiveCfg = Release|x64
		{639E6D1C-FADF-4CDD-A00E-21B1323AF6E1}.Release|x64.Build.0 = Release|x64
		{639E6D1C-FADF-4CDD-A00E-21B1323AF6E1}.Release|x86.ActiveCfg = Release|Win32
		{639E6D1C-FADF-4CDD-A00E-21B1323AF6E1}.Release|x86.Build.0 = Release|Win32
	EndGlobalSection
	GlobalSection(SolutionProperties) = preSolution
		HideSolutionNode = FALSE
	EndGlobalSection
	GlobalSection(ExtensibilityGlobals) = postSolution
		SolutionGuid = {88A926F7-6E68-40E3-BCF6-D5E89244D164}
	EndGlobalSection
EndGlobal
