
Microsoft Visual Studio Solution File, Format Version 12.00
# Visual Studio Version 17
VisualStudioVersion = 17.1.32328.378
MinimumVisualStudioVersion = 10.0.40219.1
Project("{8BC9CEB8-8B4A-11D0-8D11-00A0C91BC942}") = "Array", "Array\Array.vcxproj", "{DC09CB6C-52FF-48B1-B2D3-3AC810D22930}"
EndProject
Project("{8BC9CEB8-8B4A-11D0-8D11-00A0C91BC942}") = "Arr2", "Arr2\Arr2.vcxproj", "{5217DBEC-B458-4426-AFFE-81428F2DA7A8}"
EndProject
Project("{8BC9CEB8-8B4A-11D0-8D11-00A0C91BC942}") = "Arr3", "Arr3\Arr3.vcxproj", "{F98F3E9A-7892-4757-BA7E-08CE017B9675}"
EndProject
Global
	GlobalSection(SolutionConfigurationPlatforms) = preSolution
		Debug|x64 = Debug|x64
		Debug|x86 = Debug|x86
		Release|x64 = Release|x64
		Release|x86 = Release|x86
	EndGlobalSection
	GlobalSection(ProjectConfigurationPlatforms) = postSolution
		{DC09CB6C-52FF-48B1-B2D3-3AC810D22930}.Debug|x64.ActiveCfg = Debug|x64
		{DC09CB6C-52FF-48B1-B2D3-3AC810D22930}.Debug|x64.Build.0 = Debug|x64
		{DC09CB6C-52FF-48B1-B2D3-3AC810D22930}.Debug|x86.ActiveCfg = Debug|Win32
		{DC09CB6C-52FF-48B1-B2D3-3AC810D22930}.Debug|x86.Build.0 = Debug|Win32
		{DC09CB6C-52FF-48B1-B2D3-3AC810D22930}.Release|x64.ActiveCfg = Release|x64
		{DC09CB6C-52FF-48B1-B2D3-3AC810D22930}.Release|x64.Build.0 = Release|x64
		{DC09CB6C-52FF-48B1-B2D3-3AC810D22930}.Release|x86.ActiveCfg = Release|Win32
		{DC09CB6C-52FF-48B1-B2D3-3AC810D22930}.Release|x86.Build.0 = Release|Win32
		{5217DBEC-B458-4426-AFFE-81428F2DA7A8}.Debug|x64.ActiveCfg = Debug|x64
		{5217DBEC-B458-4426-AFFE-81428F2DA7A8}.Debug|x64.Build.0 = Debug|x64
		{5217DBEC-B458-4426-AFFE-81428F2DA7A8}.Debug|x86.ActiveCfg = Debug|Win32
		{5217DBEC-B458-4426-AFFE-81428F2DA7A8}.Debug|x86.Build.0 = Debug|Win32
		{5217DBEC-B458-4426-AFFE-81428F2DA7A8}.Release|x64.ActiveCfg = Release|x64
		{5217DBEC-B458-4426-AFFE-81428F2DA7A8}.Release|x64.Build.0 = Release|x64
		{5217DBEC-B458-4426-AFFE-81428F2DA7A8}.Release|x86.ActiveCfg = Release|Win32
		{5217DBEC-B458-4426-AFFE-81428F2DA7A8}.Release|x86.Build.0 = Release|Win32
		{F98F3E9A-7892-4757-BA7E-08CE017B9675}.Debug|x64.ActiveCfg = Debug|x64
		{F98F3E9A-7892-4757-BA7E-08CE017B9675}.Debug|x64.Build.0 = Debug|x64
		{F98F3E9A-7892-4757-BA7E-08CE017B9675}.Debug|x86.ActiveCfg = Debug|Win32
		{F98F3E9A-7892-4757-BA7E-08CE017B9675}.Debug|x86.Build.0 = Debug|Win32
		{F98F3E9A-7892-4757-BA7E-08CE017B9675}.Release|x64.ActiveCfg = Release|x64
		{F98F3E9A-7892-4757-BA7E-08CE017B9675}.Release|x64.Build.0 = Release|x64
		{F98F3E9A-7892-4757-BA7E-08CE017B9675}.Release|x86.ActiveCfg = Release|Win32
		{F98F3E9A-7892-4757-BA7E-08CE017B9675}.Release|x86.Build.0 = Release|Win32
	EndGlobalSection
	GlobalSection(SolutionProperties) = preSolution
		HideSolutionNode = FALSE
	EndGlobalSection
	GlobalSection(ExtensibilityGlobals) = postSolution
		SolutionGuid = {E553C2AD-D000-42D8-94C1-43AE67D5A53A}
	EndGlobalSection
EndGlobal
